
Microsoft Visual Studio Solution File, Format Version 11.00
# Visual Studio 2010
Project("{FAE04EC0-301F-11D3-BF4B-00C04F79EFBC}") = "holoworld", "Assembly-CSharp-firstpass.csproj", "{5EDF9C2B-1165-29FE-8FCE-CBAAF4E88D70}"
EndProject
Project("{FAE04EC0-301F-11D3-BF4B-00C04F79EFBC}") = "holoworld", "Assembly-CSharp.csproj", "{AD450108-FB4F-79B6-56CE-6B352F8DFF64}"
EndProject
Project("{FAE04EC0-301F-11D3-BF4B-00C04F79EFBC}") = "holoworld", "Assembly-CSharp-Editor-firstpass.csproj", "{93194695-DCD0-7EE1-8EAB-E335DA168D74}"
EndProject
Project("{FAE04EC0-301F-11D3-BF4B-00C04F79EFBC}") = "holoworld", "Assembly-CSharp-Editor.csproj", "{2380A7CF-E339-4D0B-3E3D-CF09DF21BBE2}"
EndProject
Global
	GlobalSection(SolutionConfigurationPlatforms) = preSolution
		Debug|Any CPU = Debug|Any CPU
		Release|Any CPU = Release|Any CPU
	EndGlobalSection
	GlobalSection(ProjectConfigurationPlatforms) = postSolution
		{5EDF9C2B-1165-29FE-8FCE-CBAAF4E88D70}.Debug|Any CPU.ActiveCfg = Debug|Any CPU
		{5EDF9C2B-1165-29FE-8FCE-CBAAF4E88D70}.Debug|Any CPU.Build.0 = Debug|Any CPU
		{5EDF9C2B-1165-29FE-8FCE-CBAAF4E88D70}.Release|Any CPU.ActiveCfg = Release|Any CPU
		{5EDF9C2B-1165-29FE-8FCE-CBAAF4E88D70}.Release|Any CPU.Build.0 = Release|Any CPU
		{AD450108-FB4F-79B6-56CE-6B352F8DFF64}.Debug|Any CPU.ActiveCfg = Debug|Any CPU
		{AD450108-FB4F-79B6-56CE-6B352F8DFF64}.Debug|Any CPU.Build.0 = Debug|Any CPU
		{AD450108-FB4F-79B6-56CE-6B352F8DFF64}.Release|Any CPU.ActiveCfg = Release|Any CPU
		{AD450108-FB4F-79B6-56CE-6B352F8DFF64}.Release|Any CPU.Build.0 = Release|Any CPU
		{93194695-DCD0-7EE1-8EAB-E335DA168D74}.Debug|Any CPU.ActiveCfg = Debug|Any CPU
		{93194695-DCD0-7EE1-8EAB-E335DA168D74}.Debug|Any CPU.Build.0 = Debug|Any CPU
		{93194695-DCD0-7EE1-8EAB-E335DA168D74}.Release|Any CPU.ActiveCfg = Release|Any CPU
		{93194695-DCD0-7EE1-8EAB-E335DA168D74}.Release|Any CPU.Build.0 = Release|Any CPU
		{2380A7CF-E339-4D0B-3E3D-CF09DF21BBE2}.Debug|Any CPU.ActiveCfg = Debug|Any CPU
		{2380A7CF-E339-4D0B-3E3D-CF09DF21BBE2}.Debug|Any CPU.Build.0 = Debug|Any CPU
		{2380A7CF-E339-4D0B-3E3D-CF09DF21BBE2}.Release|Any CPU.ActiveCfg = Release|Any CPU
		{2380A7CF-E339-4D0B-3E3D-CF09DF21BBE2}.Release|Any CPU.Build.0 = Release|Any CPU
	EndGlobalSection
	GlobalSection(SolutionProperties) = preSolution
		HideSolutionNode = FALSE
	EndGlobalSection
	GlobalSection(MonoDevelopProperties) = preSolution
		StartupItem = Assembly-CSharp.csproj
	EndGlobalSection
EndGlobal
