
Microsoft Visual Studio Solution File, Format Version 12.00
# Visual Studio 2017
Project("{FAE04EC0-301F-11D3-BF4B-00C04F79EFBC}") = "Holoworld", "Holoworld.csproj", "{7E27BD97-FDF7-54B3-37BC-165245279C40}"
EndProject
Project("{FAE04EC0-301F-11D3-BF4B-00C04F79EFBC}") = "Holoworld.Editor", "Holoworld.Editor.csproj", "{8D4999C0-EAF5-E82F-EFAD-11C3F9C00AF5}"
EndProject
Global
	GlobalSection(SolutionConfigurationPlatforms) = preSolution
		Debug|Any CPU = Debug|Any CPU
		Release|Any CPU = Release|Any CPU
	EndGlobalSection
	GlobalSection(ProjectConfigurationPlatforms) = postSolution
		{7E27BD97-FDF7-54B3-37BC-165245279C40}.Debug|Any CPU.ActiveCfg = Debug|Any CPU
		{7E27BD97-FDF7-54B3-37BC-165245279C40}.Debug|Any CPU.Build.0 = Debug|Any CPU
		{7E27BD97-FDF7-54B3-37BC-165245279C40}.Release|Any CPU.ActiveCfg = Release|Any CPU
		{7E27BD97-FDF7-54B3-37BC-165245279C40}.Release|Any CPU.Build.0 = Release|Any CPU
		{8D4999C0-EAF5-E82F-EFAD-11C3F9C00AF5}.Debug|Any CPU.ActiveCfg = Debug|Any CPU
		{8D4999C0-EAF5-E82F-EFAD-11C3F9C00AF5}.Debug|Any CPU.Build.0 = Debug|Any CPU
		{8D4999C0-EAF5-E82F-EFAD-11C3F9C00AF5}.Release|Any CPU.ActiveCfg = Release|Any CPU
		{8D4999C0-EAF5-E82F-EFAD-11C3F9C00AF5}.Release|Any CPU.Build.0 = Release|Any CPU
	EndGlobalSection
	GlobalSection(SolutionProperties) = preSolution
		HideSolutionNode = FALSE
	EndGlobalSection
EndGlobal
